// !$*UTF8*$!
{
	archiveVersion = 1;
	classes = {
	};
	objectVersion = 50;
	objects = {

/* Begin PBXBuildFile section */
		611F7398259478E500666686 /* AppDelegate.swift in Sources */ = {isa = PBXBuildFile; fileRef = 611F7397259478E500666686 /* AppDelegate.swift */; };
		611F739A259478E500666686 /* SceneDelegate.swift in Sources */ = {isa = PBXBuildFile; fileRef = 611F7399259478E500666686 /* SceneDelegate.swift */; };
		611F739C259478E500666686 /* ViewController.swift in Sources */ = {isa = PBXBuildFile; fileRef = 611F739B259478E500666686 /* ViewController.swift */; };
		611F739F259478E500666686 /* Main.storyboard in Resources */ = {isa = PBXBuildFile; fileRef = 611F739D259478E500666686 /* Main.storyboard */; };
		611F73A1259478E700666686 /* Assets.xcassets in Resources */ = {isa = PBXBuildFile; fileRef = 611F73A0259478E700666686 /* Assets.xcassets */; };
		611F73A4259478E700666686 /* LaunchScreen.storyboard in Resources */ = {isa = PBXBuildFile; fileRef = 611F73A2259478E700666686 /* LaunchScreen.storyboard */; };
		6A61AE481FC4031DBB925B74 /* Pods_TestProfileDemo.framework in Frameworks */ = {isa = PBXBuildFile; fileRef = B7235A3C491AA3CD24D48FA0 /* Pods_TestProfileDemo.framework */; };
/* End PBXBuildFile section */

/* Begin PBXFileReference section */
		611F7394259478E500666686 /* TestProfileDemo.app */ = {isa = PBXFileReference; explicitFileType = wrapper.application; includeInIndex = 0; path = TestProfileDemo.app; sourceTree = BUILT_PRODUCTS_DIR; };
		611F7397259478E500666686 /* AppDelegate.swift */ = {isa = PBXFileReference; lastKnownFileType = sourcecode.swift; path = AppDelegate.swift; sourceTree = "<group>"; };
		611F7399259478E500666686 /* SceneDelegate.swift */ = {isa = PBXFileReference; lastKnownFileType = sourcecode.swift; path = SceneDelegate.swift; sourceTree = "<group>"; };
		611F739B259478E500666686 /* ViewController.swift */ = {isa = PBXFileReference; lastKnownFileType = sourcecode.swift; path = ViewController.swift; sourceTree = "<group>"; };
		611F739E259478E500666686 /* Base */ = {isa = PBXFileReference; lastKnownFileType = file.storyboard; name = Base; path = Base.lproj/Main.storyboard; sourceTree = "<group>"; };
		611F73A0259478E700666686 /* Assets.xcassets */ = {isa = PBXFileReference; lastKnownFileType = folder.assetcatalog; path = Assets.xcassets; sourceTree = "<group>"; };
		611F73A3259478E700666686 /* Base */ = {isa = PBXFileReference; lastKnownFileType = file.storyboard; name = Base; path = Base.lproj/LaunchScreen.storyboard; sourceTree = "<group>"; };
		611F73A5259478E700666686 /* Info.plist */ = {isa = PBXFileReference; lastKnownFileType = text.plist.xml; path = Info.plist; sourceTree = "<group>"; };
		7C2F470B9B6E02739BF88303 /* Pods-TestProfileDemo.release.xcconfig */ = {isa = PBXFileReference; includeInIndex = 1; lastKnownFileType = text.xcconfig; name = "Pods-TestProfileDemo.release.xcconfig"; path = "Target Support Files/Pods-TestProfileDemo/Pods-TestProfileDemo.release.xcconfig"; sourceTree = "<group>"; };
		A6F7FF6F5A991214102368C0 /* Pods-TestProfileDemo.debug.xcconfig */ = {isa = PBXFileReference; includeInIndex = 1; lastKnownFileType = text.xcconfig; name = "Pods-TestProfileDemo.debug.xcconfig"; path = "Target Support Files/Pods-TestProfileDemo/Pods-TestProfileDemo.debug.xcconfig"; sourceTree = "<group>"; };
		B7235A3C491AA3CD24D48FA0 /* Pods_TestProfileDemo.framework */ = {isa = PBXFileReference; explicitFileType = wrapper.framework; includeInIndex = 0; path = Pods_TestProfileDemo.framework; sourceTree = BUILT_PRODUCTS_DIR; };
/* End PBXFileReference section */

/* Begin PBXFrameworksBuildPhase section */
		611F7391259478E500666686 /* Frameworks */ = {
			isa = PBXFrameworksBuildPhase;
			buildActionMask = 2147483647;
			files = (
				6A61AE481FC4031DBB925B74 /* Pods_TestProfileDemo.framework in Frameworks */,
			);
			runOnlyForDeploymentPostprocessing = 0;
		};
/* End PBXFrameworksBuildPhase section */

/* Begin PBXGroup section */
		0C6B22E08902463F898AF71A /* Frameworks */ = {
			isa = PBXGroup;
			children = (
				B7235A3C491AA3CD24D48FA0 /* Pods_TestProfileDemo.framework */,
			);
			name = Frameworks;
			sourceTree = "<group>";
		};
		1F837084CDF6A26A5F6E2BCA /* Pods */ = {
			isa = PBXGroup;
			children = (
				A6F7FF6F5A991214102368C0 /* Pods-TestProfileDemo.debug.xcconfig */,
				7C2F470B9B6E02739BF88303 /* Pods-TestProfileDemo.release.xcconfig */,
			);
			name = Pods;
			path = Pods;
			sourceTree = "<group>";
		};
		611F738B259478E500666686 = {
			isa = PBXGroup;
			children = (
				611F7396259478E500666686 /* TestProfileDemo */,
				611F7395259478E500666686 /* Products */,
				1F837084CDF6A26A5F6E2BCA /* Pods */,
				0C6B22E08902463F898AF71A /* Frameworks */,
			);
			sourceTree = "<group>";
		};
		611F7395259478E500666686 /* Products */ = {
			isa = PBXGroup;
			children = (
				611F7394259478E500666686 /* TestProfileDemo.app */,
			);
			name = Products;
			sourceTree = "<group>";
		};
		611F7396259478E500666686 /* TestProfileDemo */ = {
			isa = PBXGroup;
			children = (
				611F7397259478E500666686 /* AppDelegate.swift */,
				611F7399259478E500666686 /* SceneDelegate.swift */,
				611F739B259478E500666686 /* ViewController.swift */,
				611F739D259478E500666686 /* Main.storyboard */,
				611F73A0259478E700666686 /* Assets.xcassets */,
				611F73A2259478E700666686 /* LaunchScreen.storyboard */,
				611F73A5259478E700666686 /* Info.plist */,
			);
			path = TestProfileDemo;
			sourceTree = "<group>";
		};
/* End PBXGroup section */

/* Begin PBXNativeTarget section */
		611F7393259478E500666686 /* TestProfileDemo */ = {
			isa = PBXNativeTarget;
			buildConfigurationList = 611F73A8259478E700666686 /* Build configuration list for PBXNativeTarget "TestProfileDemo" */;
			buildPhases = (
				9B51043CD0CCD6D7CDEEEC95 /* [CP] Check Pods Manifest.lock */,
				611F7390259478E500666686 /* Sources */,
				611F7391259478E500666686 /* Frameworks */,
				611F7392259478E500666686 /* Resources */,
				DEA2AD7AA9E239F43D0FC257 /* [CP] Embed Pods Frameworks */,
			);
			buildRules = (
			);
			dependencies = (
			);
			name = TestProfileDemo;
			productName = TestProfileDemo;
			productReference = 611F7394259478E500666686 /* TestProfileDemo.app */;
			productType = "com.apple.product-type.application";
		};
/* End PBXNativeTarget section */

/* Begin PBXProject section */
		611F738C259478E500666686 /* Project object */ = {
			isa = PBXProject;
			attributes = {
				LastSwiftUpdateCheck = 1220;
				LastUpgradeCheck = 1220;
				TargetAttributes = {
					611F7393259478E500666686 = {
						CreatedOnToolsVersion = 12.2;
					};
				};
			};
			buildConfigurationList = 611F738F259478E500666686 /* Build configuration list for PBXProject "TestProfileDemo" */;
			compatibilityVersion = "Xcode 9.3";
			developmentRegion = en;
			hasScannedForEncodings = 0;
			knownRegions = (
				en,
				Base,
			);
			mainGroup = 611F738B259478E500666686;
			productRefGroup = 611F7395259478E500666686 /* Products */;
			projectDirPath = "";
			projectRoot = "";
			targets = (
				611F7393259478E500666686 /* TestProfileDemo */,
			);
		};
/* End PBXProject section */

/* Begin PBXResourcesBuildPhase section */
		611F7392259478E500666686 /* Resources */ = {
			isa = PBXResourcesBuildPhase;
			buildActionMask = 2147483647;
			files = (
				611F73A4259478E700666686 /* LaunchScreen.storyboard in Resources */,
				611F73A1259478E700666686 /* Assets.xcassets in Resources */,
				611F739F259478E500666686 /* Main.storyboard in Resources */,
			);
			runOnlyForDeploymentPostprocessing = 0;
		};
/* End PBXResourcesBuildPhase section */

/* Begin PBXShellScriptBuildPhase section */
		9B51043CD0CCD6D7CDEEEC95 /* [CP] Check Pods Manifest.lock */ = {
			isa = PBXShellScriptBuildPhase;
			buildActionMask = 2147483647;
			files = (
			);
			inputFileListPaths = (
			);
			inputPaths = (
				"${PODS_PODFILE_DIR_PATH}/Podfile.lock",
				"${PODS_ROOT}/Manifest.lock",
			);
			name = "[CP] Check Pods Manifest.lock";
			outputFileListPaths = (
			);
			outputPaths = (
				"$(DERIVED_FILE_DIR)/Pods-TestProfileDemo-checkManifestLockResult.txt",
			);
			runOnlyForDeploymentPostprocessing = 0;
			shellPath = /bin/sh;
			shellScript = "diff \"${PODS_PODFILE_DIR_PATH}/Podfile.lock\" \"${PODS_ROOT}/Manifest.lock\" > /dev/null\nif [ $? != 0 ] ; then\n    # print error to STDERR\n    echo \"error: The sandbox is not in sync with the Podfile.lock. Run 'pod install' or update your CocoaPods installation.\" >&2\n    exit 1\nfi\n# This output is used by Xcode 'outputs' to avoid re-running this script phase.\necho \"SUCCESS\" > \"${SCRIPT_OUTPUT_FILE_0}\"\n";
			showEnvVarsInLog = 0;
		};
		DEA2AD7AA9E239F43D0FC257 /* [CP] Embed Pods Frameworks */ = {
			isa = PBXShellScriptBuildPhase;
			buildActionMask = 2147483647;
			files = (
			);
			inputFileListPaths = (
				"${PODS_ROOT}/Target Support Files/Pods-TestProfileDemo/Pods-TestProfileDemo-frameworks-${CONFIGURATION}-input-files.xcfilelist",
			);
			name = "[CP] Embed Pods Frameworks";
			outputFileListPaths = (
				"${PODS_ROOT}/Target Support Files/Pods-TestProfileDemo/Pods-TestProfileDemo-frameworks-${CONFIGURATION}-output-files.xcfilelist",
			);
			runOnlyForDeploymentPostprocessing = 0;
			shellPath = /bin/sh;
			shellScript = "\"${PODS_ROOT}/Target Support Files/Pods-TestProfileDemo/Pods-TestProfileDemo-frameworks.sh\"\n";
			showEnvVarsInLog = 0;
		};
/* End PBXShellScriptBuildPhase section */

/* Begin PBXSourcesBuildPhase section */
		611F7390259478E500666686 /* Sources */ = {
			isa = PBXSourcesBuildPhase;
			buildActionMask = 2147483647;
			files = (
				611F739C259478E500666686 /* ViewController.swift in Sources */,
				611F7398259478E500666686 /* AppDelegate.swift in Sources */,
				611F739A259478E500666686 /* SceneDelegate.swift in Sources */,
			);
			runOnlyForDeploymentPostprocessing = 0;
		};
/* End PBXSourcesBuildPhase section */

/* Begin PBXVariantGroup section */
		611F739D259478E500666686 /* Main.storyboard */ = {
			isa = PBXVariantGroup;
			children = (
				611F739E259478E500666686 /* Base */,
			);
			name = Main.storyboard;
			sourceTree = "<group>";
		};
		611F73A2259478E700666686 /* LaunchScreen.storyboard */ = {
			isa = PBXVariantGroup;
			children = (
				611F73A3259478E700666686 /* Base */,
			);
			name = LaunchScreen.storyboard;
			sourceTree = "<group>";
		};
/* End PBXVariantGroup section */

/* Begin XCBuildConfiguration section */
		611F73A6259478E700666686 /* Debug */ = {
			isa = XCBuildConfiguration;
			buildSettings = {
				ALWAYS_SEARCH_USER_PATHS = NO;
				CLANG_ANALYZER_NONNULL = YES;
				CLANG_ANALYZER_NUMBER_OBJECT_CONVERSION = YES_AGGRESSIVE;
				CLANG_CXX_LANGUAGE_STANDARD = "gnu++14";
				CLANG_CXX_LIBRARY = "libc++";
				CLANG_ENABLE_MODULES = YES;
				CLANG_ENABLE_OBJC_ARC = YES;
				CLANG_ENABLE_OBJC_WEAK = YES;
				CLANG_WARN_BLOCK_CAPTURE_AUTORELEASING = YES;
				CLANG_WARN_BOOL_CONVERSION = YES;
				CLANG_WARN_COMMA = YES;
				CLANG_WARN_CONSTANT_CONVERSION = YES;
				CLANG_WARN_DEPRECATED_OBJC_IMPLEMENTATIONS = YES;
				CLANG_WARN_DIRECT_OBJC_ISA_USAGE = YES_ERROR;
				CLANG_WARN_DOCUMENTATION_COMMENTS = YES;
				CLANG_WARN_EMPTY_BODY = YES;
				CLANG_WARN_ENUM_CONVERSION = YES;
				CLANG_WARN_INFINITE_RECURSION = YES;
				CLANG_WARN_INT_CONVERSION = YES;
				CLANG_WARN_NON_LITERAL_NULL_CONVERSION = YES;
				CLANG_WARN_OBJC_IMPLICIT_RETAIN_SELF = YES;
				CLANG_WARN_OBJC_LITERAL_CONVERSION = YES;
				CLANG_WARN_OBJC_ROOT_CLASS = YES_ERROR;
				CLANG_WARN_QUOTED_INCLUDE_IN_FRAMEWORK_HEADER = YES;
				CLANG_WARN_RANGE_LOOP_ANALYSIS = YES;
				CLANG_WARN_STRICT_PROTOTYPES = YES;
				CLANG_WARN_SUSPICIOUS_MOVE = YES;
				CLANG_WARN_UNGUARDED_AVAILABILITY = YES_AGGRESSIVE;
				CLANG_WARN_UNREACHABLE_CODE = YES;
				CLANG_WARN__DUPLICATE_METHOD_MATCH = YES;
				COPY_PHASE_STRIP = NO;
				DEBUG_INFORMATION_FORMAT = dwarf;
				ENABLE_STRICT_OBJC_MSGSEND = YES;
				ENABLE_TESTABILITY = YES;
				GCC_C_LANGUAGE_STANDARD = gnu11;
				GCC_DYNAMIC_NO_PIC = NO;
				GCC_NO_COMMON_BLOCKS = YES;
				GCC_OPTIMIZATION_LEVEL = 0;
				GCC_PREPROCESSOR_DEFINITIONS = (
					"DEBUG=1",
					"$(inherited)",
				);
				GCC_WARN_64_TO_32_BIT_CONVERSION = YES;
				GCC_WARN_ABOUT_RETURN_TYPE = YES_ERROR;
				GCC_WARN_UNDECLARED_SELECTOR = YES;
				GCC_WARN_UNINITIALIZED_AUTOS = YES_AGGRESSIVE;
				GCC_WARN_UNUSED_FUNCTION = YES;
				GCC_WARN_UNUSED_VARIABLE = YES;
				IPHONEOS_DEPLOYMENT_TARGET = 12.0;
				MTL_ENABLE_DEBUG_INFO = INCLUDE_SOURCE;
				MTL_FAST_MATH = YES;
				ONLY_ACTIVE_ARCH = YES;
				SDKROOT = iphoneos;
				SWIFT_ACTIVE_COMPILATION_CONDITIONS = DEBUG;
				SWIFT_OPTIMIZATION_LEVEL = "-Onone";
			};
			name = Debug;
		};
		611F73A7259478E700666686 /* Release */ = {
			isa = XCBuildConfiguration;
			buildSettings = {
				ALWAYS_SEARCH_USER_PATHS = NO;
				CLANG_ANALYZER_NONNULL = YES;
				CLANG_ANALYZER_NUMBER_OBJECT_CONVERSION = YES_AGGRESSIVE;
				CLANG_CXX_LANGUAGE_STANDARD = "gnu++14";
				CLANG_CXX_LIBRARY = "libc++";
				CLANG_ENABLE_MODULES = YES;
				CLANG_ENABLE_OBJC_ARC = YES;
				CLANG_ENABLE_OBJC_WEAK = YES;
				CLANG_WARN_BLOCK_CAPTURE_AUTORELEASING = YES;
				CLANG_WARN_BOOL_CONVERSION = YES;
				CLANG_WARN_COMMA = YES;
				CLANG_WARN_CONSTANT_CONVERSION = YES;
				CLANG_WARN_DEPRECATED_OBJC_IMPLEMENTATIONS = YES;
				CLANG_WARN_DIRECT_OBJC_ISA_USAGE = YES_ERROR;
				CLANG_WARN_DOCUMENTATION_COMMENTS = YES;
				CLANG_WARN_EMPTY_BODY = YES;
				CLANG_WARN_ENUM_CONVERSION = YES;
				CLANG_WARN_INFINITE_RECURSION = YES;
				CLANG_WARN_INT_CONVERSION = YES;
				CLANG_WARN_NON_LITERAL_NULL_CONVERSION = YES;
				CLANG_WARN_OBJC_IMPLICIT_RETAIN_SELF = YES;
				CLANG_WARN_OBJC_LITERAL_CONVERSION = YES;
				CLANG_WARN_OBJC_ROOT_CLASS = YES_ERROR;
				CLANG_WARN_QUOTED_INCLUDE_IN_FRAMEWORK_HEADER = YES;
				CLANG_WARN_RANGE_LOOP_ANALYSIS = YES;
				CLANG_WARN_STRICT_PROTOTYPES = YES;
				CLANG_WARN_SUSPICIOUS_MOVE = YES;
				CLANG_WARN_UNGUARDED_AVAILABILITY = YES_AGGRESSIVE;
				CLANG_WARN_UNREACHABLE_CODE = YES;
				CLANG_WARN__DUPLICATE_METHOD_MATCH = YES;
				COPY_PHASE_STRIP = NO;
				DEBUG_INFORMATION_FORMAT = "dwarf-with-dsym";
				ENABLE_NS_ASSERTIONS = NO;
				ENABLE_STRICT_OBJC_MSGSEND = YES;
				GCC_C_LANGUAGE_STANDARD = gnu11;
				GCC_NO_COMMON_BLOCKS = YES;
				GCC_WARN_64_TO_32_BIT_CONVERSION = YES;
				GCC_WARN_ABOUT_RETURN_TYPE = YES_ERROR;
				GCC_WARN_UNDECLARED_SELECTOR = YES;
				GCC_WARN_UNINITIALIZED_AUTOS = YES_AGGRESSIVE;
				GCC_WARN_UNUSED_FUNCTION = YES;
				GCC_WARN_UNUSED_VARIABLE = YES;
				IPHONEOS_DEPLOYMENT_TARGET = 12.0;
				MTL_ENABLE_DEBUG_INFO = NO;
				MTL_FAST_MATH = YES;
				SDKROOT = iphoneos;
				SWIFT_COMPILATION_MODE = wholemodule;
				SWIFT_OPTIMIZATION_LEVEL = "-O";
				VALIDATE_PRODUCT = YES;
			};
			name = Release;
		};
		611F73A9259478E700666686 /* Debug */ = {
			isa = XCBuildConfiguration;
			baseConfigurationReference = A6F7FF6F5A991214102368C0 /* Pods-TestProfileDemo.debug.xcconfig */;
			buildSettings = {
				ASSETCATALOG_COMPILER_APPICON_NAME = AppIcon;
				ASSETCATALOG_COMPILER_GLOBAL_ACCENT_COLOR_NAME = AccentColor;
				CODE_SIGN_STYLE = Automatic;
				INFOPLIST_FILE = TestProfileDemo/Info.plist;
				LD_RUNPATH_SEARCH_PATHS = (
					"$(inherited)",
					"@executable_path/Frameworks",
				);
				PRODUCT_BUNDLE_IDENTIFIER = com.pp.TestProfileDemo;
				PRODUCT_NAME = "$(TARGET_NAME)";
				SWIFT_VERSION = 5.0;
				TARGETED_DEVICE_FAMILY = "1,2";
			};
			name = Debug;
		};
		611F73AA259478E700666686 /* Release */ = {
			isa = XCBuildConfiguration;
			baseConfigurationReference = 7C2F470B9B6E02739BF88303 /* Pods-TestProfileDemo.release.xcconfig */;
			buildSettings = {
				ASSETCATALOG_COMPILER_APPICON_NAME = AppIcon;
				ASSETCATALOG_COMPILER_GLOBAL_ACCENT_COLOR_NAME = AccentColor;
				CODE_SIGN_STYLE = Automatic;
				INFOPLIST_FILE = TestProfileDemo/Info.plist;
				LD_RUNPATH_SEARCH_PATHS = (
					"$(inherited)",
					"@executable_path/Frameworks",
				);
				PRODUCT_BUNDLE_IDENTIFIER = com.pp.TestProfileDemo;
				PRODUCT_NAME = "$(TARGET_NAME)";
				SWIFT_VERSION = 5.0;
				TARGETED_DEVICE_FAMILY = "1,2";
			};
			name = Release;
		};
/* End XCBuildConfiguration section */

/* Begin XCConfigurationList section */
		611F738F259478E500666686 /* Build configuration list for PBXProject "TestProfileDemo" */ = {
			isa = XCConfigurationList;
			buildConfigurations = (
				611F73A6259478E700666686 /* Debug */,
				611F73A7259478E700666686 /* Release */,
			);
			defaultConfigurationIsVisible = 0;
			defaultConfigurationName = Release;
		};
		611F73A8259478E700666686 /* Build configuration list for PBXNativeTarget "TestProfileDemo" */ = {
			isa = XCConfigurationList;
			buildConfigurations = (
				611F73A9259478E700666686 /* Debug */,
				611F73AA259478E700666686 /* Release */,
			);
			defaultConfigurationIsVisible = 0;
			defaultConfigurationName = Release;
		};
/* End XCConfigurationList section */
	};
	rootObject = 611F738C259478E500666686 /* Project object */;
}
