PODS:
  - TestProfile (1.0.1)

DEPENDENCIES:
  - TestProfile (from `../TestProfile/`)

EXTERNAL SOURCES:
  TestProfile:
    :path: "../TestProfile/"

SPEC CHECKSUMS:
  TestProfile: d943a0c78ac816be3a0ac580064da0859f79295c

PODFILE CHECKSUM: a65a119cd0a023df1515d10d0d6fc4d2ed02bb52

COCOAPODS: 1.10.0
